
Microsoft Visual Studio Solution File, Format Version 12.00
# Visual Studio Version 17
VisualStudioVersion = 17.6.33829.357
MinimumVisualStudioVersion = 10.0.40219.1
Project("{FAE04EC0-301F-11D3-BF4B-00C04F79EFBC}") = "BlogProject.Core", "BlogProject.Core\BlogProject.Core.csproj", "{0306730B-43A1-4FD5-9D7B-66FC5A62357F}"
EndProject
Project("{FAE04EC0-301F-11D3-BF4B-00C04F79EFBC}") = "BlogProject.Data", "BlogProject.Data\BlogProject.Data.csproj", "{3EBC2F73-4C0E-4844-B9E6-EA53D3A8B16A}"
EndProject
Project("{FAE04EC0-301F-11D3-BF4B-00C04F79EFBC}") = "BlogProject.Entity", "BlogProject.Entity\BlogProject.Entity.csproj", "{BB5D17E1-F8C5-48CE-A123-6437A25408A7}"
EndProject
Project("{FAE04EC0-301F-11D3-BF4B-00C04F79EFBC}") = "BlogProject.Services", "BlogProject.Services\BlogProject.Services.csproj", "{648A11FB-1F74-4F49-96F3-3F5494FA53F6}"
EndProject
Project("{FAE04EC0-301F-11D3-BF4B-00C04F79EFBC}") = "BlogProject.Web", "BlogProject.Web\BlogProject.Web.csproj", "{B118ECAE-D0ED-48AA-89DF-D99D57C80700}"
EndProject
Global
	GlobalSection(SolutionConfigurationPlatforms) = preSolution
		Debug|Any CPU = Debug|Any CPU
		Release|Any CPU = Release|Any CPU
	EndGlobalSection
	GlobalSection(ProjectConfigurationPlatforms) = postSolution
		{0306730B-43A1-4FD5-9D7B-66FC5A62357F}.Debug|Any CPU.ActiveCfg = Debug|Any CPU
		{0306730B-43A1-4FD5-9D7B-66FC5A62357F}.Debug|Any CPU.Build.0 = Debug|Any CPU
		{0306730B-43A1-4FD5-9D7B-66FC5A62357F}.Release|Any CPU.ActiveCfg = Release|Any CPU
		{0306730B-43A1-4FD5-9D7B-66FC5A62357F}.Release|Any CPU.Build.0 = Release|Any CPU
		{3EBC2F73-4C0E-4844-B9E6-EA53D3A8B16A}.Debug|Any CPU.ActiveCfg = Debug|Any CPU
		{3EBC2F73-4C0E-4844-B9E6-EA53D3A8B16A}.Debug|Any CPU.Build.0 = Debug|Any CPU
		{3EBC2F73-4C0E-4844-B9E6-EA53D3A8B16A}.Release|Any CPU.ActiveCfg = Release|Any CPU
		{3EBC2F73-4C0E-4844-B9E6-EA53D3A8B16A}.Release|Any CPU.Build.0 = Release|Any CPU
		{BB5D17E1-F8C5-48CE-A123-6437A25408A7}.Debug|Any CPU.ActiveCfg = Debug|Any CPU
		{BB5D17E1-F8C5-48CE-A123-6437A25408A7}.Debug|Any CPU.Build.0 = Debug|Any CPU
		{BB5D17E1-F8C5-48CE-A123-6437A25408A7}.Release|Any CPU.ActiveCfg = Release|Any CPU
		{BB5D17E1-F8C5-48CE-A123-6437A25408A7}.Release|Any CPU.Build.0 = Release|Any CPU
		{648A11FB-1F74-4F49-96F3-3F5494FA53F6}.Debug|Any CPU.ActiveCfg = Debug|Any CPU
		{648A11FB-1F74-4F49-96F3-3F5494FA53F6}.Debug|Any CPU.Build.0 = Debug|Any CPU
		{648A11FB-1F74-4F49-96F3-3F5494FA53F6}.Release|Any CPU.ActiveCfg = Release|Any CPU
		{648A11FB-1F74-4F49-96F3-3F5494FA53F6}.Release|Any CPU.Build.0 = Release|Any CPU
		{B118ECAE-D0ED-48AA-89DF-D99D57C80700}.Debug|Any CPU.ActiveCfg = Debug|Any CPU
		{B118ECAE-D0ED-48AA-89DF-D99D57C80700}.Debug|Any CPU.Build.0 = Debug|Any CPU
		{B118ECAE-D0ED-48AA-89DF-D99D57C80700}.Release|Any CPU.ActiveCfg = Release|Any CPU
		{B118ECAE-D0ED-48AA-89DF-D99D57C80700}.Release|Any CPU.Build.0 = Release|Any CPU
	EndGlobalSection
	GlobalSection(SolutionProperties) = preSolution
		HideSolutionNode = FALSE
	EndGlobalSection
	GlobalSection(ExtensibilityGlobals) = postSolution
		SolutionGuid = {854F9A18-D1A6-4E2D-933E-3A10A7E7DC60}
	EndGlobalSection
EndGlobal
